
Microsoft Visual Studio Solution File, Format Version 12.00
# Visual Studio Version 17
VisualStudioVersion = 17.13.35919.96 d17.13
MinimumVisualStudioVersion = 10.0.40219.1
Project("{FAE04EC0-301F-11D3-BF4B-00C04F79EFBC}") = "Converter", "Converter.csproj", "{4A5C4762-CD37-4EE1-9632-EC0D2DB066BA}"
EndProject
Global
	GlobalSection(SolutionConfigurationPlatforms) = preSolution
		Debug|Any CPU = Debug|Any CPU
		Release|Any CPU = Release|Any CPU
	EndGlobalSection
	GlobalSection(ProjectConfigurationPlatforms) = postSolution
		{4A5C4762-CD37-4EE1-9632-EC0D2DB066BA}.Debug|Any CPU.ActiveCfg = Debug|Any CPU
		{4A5C4762-CD37-4EE1-9632-EC0D2DB066BA}.Debug|Any CPU.Build.0 = Debug|Any CPU
		{4A5C4762-CD37-4EE1-9632-EC0D2DB066BA}.Release|Any CPU.ActiveCfg = Release|Any CPU
		{4A5C4762-CD37-4EE1-9632-EC0D2DB066BA}.Release|Any CPU.Build.0 = Release|Any CPU
	EndGlobalSection
	GlobalSection(SolutionProperties) = preSolution
		HideSolutionNode = FALSE
	EndGlobalSection
	GlobalSection(ExtensibilityGlobals) = postSolution
		SolutionGuid = {7EB46EB7-C195-454C-B82A-ADE9DA11BDFA}
	EndGlobalSection
EndGlobal
